
Microsoft Visual Studio Solution File, Format Version 12.00
# Visual Studio 14
VisualStudioVersion = 14.0.25123.0
MinimumVisualStudioVersion = 10.0.40219.1
Project("{781D405C-EA84-4352-8E06-4A789B27C94F}") = "Sitecore.Support.222180", "Sitecore.Support.222180\Sitecore.Support.222180.csproj", "{72A5A272-4BC8-4513-956B-59E172A37279}"
EndProject
Global
	GlobalSection(SolutionConfigurationPlatforms) = preSolution
		Debug|Any CPU = Debug|Any CPU
		Release|Any CPU = Release|Any CPU
	EndGlobalSection
	GlobalSection(ProjectConfigurationPlatforms) = postSolution
		{72A5A272-4BC8-4513-956B-59E172A37279}.Debug|Any CPU.ActiveCfg = Debug|Any CPU
		{72A5A272-4BC8-4513-956B-59E172A37279}.Debug|Any CPU.Build.0 = Debug|Any CPU
		{72A5A272-4BC8-4513-956B-59E172A37279}.Release|Any CPU.ActiveCfg = Release|Any CPU
		{72A5A272-4BC8-4513-956B-59E172A37279}.Release|Any CPU.Build.0 = Release|Any CPU
	EndGlobalSection
	GlobalSection(SolutionProperties) = preSolution
		HideSolutionNode = FALSE
	EndGlobalSection
EndGlobal
